
Microsoft Visual Studio Solution File, Format Version 11.00
# Visual Studio 2010
Project("{8BC9CEB8-8B4A-11D0-8D11-00A0C91BC942}") = "InlineHookTest1", "InlineHookTest1\InlineHookTest1.vcxproj", "{97A65026-1A75-4A3F-AF6C-A2AC902AD12F}"
EndProject
Global
	GlobalSection(SolutionConfigurationPlatforms) = preSolution
		Debug|Win32 = Debug|Win32
		Release|Win32 = Release|Win32
	EndGlobalSection
	GlobalSection(ProjectConfigurationPlatforms) = postSolution
		{97A65026-1A75-4A3F-AF6C-A2AC902AD12F}.Debug|Win32.ActiveCfg = Debug|Win32
		{97A65026-1A75-4A3F-AF6C-A2AC902AD12F}.Debug|Win32.Build.0 = Debug|Win32
		{97A65026-1A75-4A3F-AF6C-A2AC902AD12F}.Release|Win32.ActiveCfg = Release|Win32
		{97A65026-1A75-4A3F-AF6C-A2AC902AD12F}.Release|Win32.Build.0 = Release|Win32
	EndGlobalSection
	GlobalSection(SolutionProperties) = preSolution
		HideSolutionNode = FALSE
	EndGlobalSection
EndGlobal
